
Microsoft Visual Studio Solution File, Format Version 12.00
# Visual Studio Version 17
VisualStudioVersion = 17.9.34902.65
MinimumVisualStudioVersion = 10.0.40219.1
Project("{FAE04EC0-301F-11D3-BF4B-00C04F79EFBC}") = "Q1", "Q1\Q1.csproj", "{FC6DD375-8D6F-4FEA-9A78-A59B6795A88E}"
EndProject
Project("{FAE04EC0-301F-11D3-BF4B-00C04F79EFBC}") = "EmployeeLib", "EmployeeLib\EmployeeLib.csproj", "{256A9B36-9D37-4FEE-A49A-8FC368320DDE}"
EndProject
Global
	GlobalSection(SolutionConfigurationPlatforms) = preSolution
		Debug|Any CPU = Debug|Any CPU
		Release|Any CPU = Release|Any CPU
	EndGlobalSection
	GlobalSection(ProjectConfigurationPlatforms) = postSolution
		{FC6DD375-8D6F-4FEA-9A78-A59B6795A88E}.Debug|Any CPU.ActiveCfg = Debug|Any CPU
		{FC6DD375-8D6F-4FEA-9A78-A59B6795A88E}.Debug|Any CPU.Build.0 = Debug|Any CPU
		{FC6DD375-8D6F-4FEA-9A78-A59B6795A88E}.Release|Any CPU.ActiveCfg = Release|Any CPU
		{FC6DD375-8D6F-4FEA-9A78-A59B6795A88E}.Release|Any CPU.Build.0 = Release|Any CPU
		{256A9B36-9D37-4FEE-A49A-8FC368320DDE}.Debug|Any CPU.ActiveCfg = Debug|Any CPU
		{256A9B36-9D37-4FEE-A49A-8FC368320DDE}.Debug|Any CPU.Build.0 = Debug|Any CPU
		{256A9B36-9D37-4FEE-A49A-8FC368320DDE}.Release|Any CPU.ActiveCfg = Release|Any CPU
		{256A9B36-9D37-4FEE-A49A-8FC368320DDE}.Release|Any CPU.Build.0 = Release|Any CPU
	EndGlobalSection
	GlobalSection(SolutionProperties) = preSolution
		HideSolutionNode = FALSE
	EndGlobalSection
	GlobalSection(ExtensibilityGlobals) = postSolution
		SolutionGuid = {044DE79F-2977-4A25-A3BE-457B0E02C9A1}
	EndGlobalSection
EndGlobal
